
Microsoft Visual Studio Solution File, Format Version 10.00
# Visual Studio 2008
Project("{FAE04EC0-301F-11D3-BF4B-00C04F79EFBC}") = "EjemploDeUso", "EjemploDeUso.csproj", "{B16AB82C-7B76-453C-9683-F53D1A4B840A}"
EndProject
Global
	GlobalSection(SolutionConfigurationPlatforms) = preSolution
		Debug|Any CPU = Debug|Any CPU
		Release|Any CPU = Release|Any CPU
	EndGlobalSection
	GlobalSection(ProjectConfigurationPlatforms) = postSolution
		{B16AB82C-7B76-453C-9683-F53D1A4B840A}.Debug|Any CPU.ActiveCfg = Debug|Any CPU
		{B16AB82C-7B76-453C-9683-F53D1A4B840A}.Debug|Any CPU.Build.0 = Debug|Any CPU
		{B16AB82C-7B76-453C-9683-F53D1A4B840A}.Release|Any CPU.ActiveCfg = Release|Any CPU
		{B16AB82C-7B76-453C-9683-F53D1A4B840A}.Release|Any CPU.Build.0 = Release|Any CPU
	EndGlobalSection
	GlobalSection(SolutionProperties) = preSolution
		HideSolutionNode = FALSE
	EndGlobalSection
EndGlobal
